
Microsoft Visual Studio Solution File, Format Version 12.00
# Visual Studio Version 17
VisualStudioVersion = 17.7.34031.279
MinimumVisualStudioVersion = 10.0.40219.1
Project("{FAE04EC0-301F-11D3-BF4B-00C04F79EFBC}") = "BiggestCashCrop", "BiggestCashCrop\BiggestCashCrop.csproj", "{04238966-782E-4126-8E2C-22289A496147}"
EndProject
Global
	GlobalSection(SolutionConfigurationPlatforms) = preSolution
		Debug|Any CPU = Debug|Any CPU
		Release|Any CPU = Release|Any CPU
	EndGlobalSection
	GlobalSection(ProjectConfigurationPlatforms) = postSolution
		{04238966-782E-4126-8E2C-22289A496147}.Debug|Any CPU.ActiveCfg = Debug|Any CPU
		{04238966-782E-4126-8E2C-22289A496147}.Debug|Any CPU.Build.0 = Debug|Any CPU
		{04238966-782E-4126-8E2C-22289A496147}.Release|Any CPU.ActiveCfg = Release|Any CPU
		{04238966-782E-4126-8E2C-22289A496147}.Release|Any CPU.Build.0 = Release|Any CPU
	EndGlobalSection
	GlobalSection(SolutionProperties) = preSolution
		HideSolutionNode = FALSE
	EndGlobalSection
	GlobalSection(ExtensibilityGlobals) = postSolution
		SolutionGuid = {B6383EF6-A945-4797-BDB2-12A11ED54040}
	EndGlobalSection
EndGlobal
